{
    "version": 3,
    "terraform_version": "0.11.8",
    "serial": 4,
    "lineage": "4cac3a48-2989-e442-29db-d10e3e23770e",
    "modules": [
        {
            "path": [
                "root"
            ],
            "outputs": {
                "dynamodb_arn": {
                    "sensitive": false,
                    "type": "string",
                    "value": "arn:aws:dynamodb:us-east-1:975608782524:table/dynamodb-table"
                }
            },
            "resources": {
                "aws_dynamodb_table.ddb_table": {
                    "type": "aws_dynamodb_table",
                    "depends_on": [
                        "local.attributes_final"
                    ],
                    "primary": {
                        "id": "dynamodb-table",
                        "attributes": {
                            "arn": "arn:aws:dynamodb:us-east-1:975608782524:table/dynamodb-table",
                            "attribute.#": "2",
                            "attribute.1229220741.name": "ddb-range-key",
                            "attribute.1229220741.type": "S",
                            "attribute.3135557130.name": "ddb-hash-key",
                            "attribute.3135557130.type": "S",
                            "global_secondary_index.#": "1",
                            "global_secondary_index.1305083464.hash_key": "ddb-hash-key",
                            "global_secondary_index.1305083464.name": "gsi-table",
                            "global_secondary_index.1305083464.non_key_attributes.#": "0",
                            "global_secondary_index.1305083464.projection_type": "KEYS_ONLY",
                            "global_secondary_index.1305083464.range_key": "ddb-range-key",
                            "global_secondary_index.1305083464.read_capacity": "1",
                            "global_secondary_index.1305083464.write_capacity": "1",
                            "hash_key": "ddb-hash-key",
                            "id": "dynamodb-table",
                            "local_secondary_index.#": "1",
                            "local_secondary_index.971460389.name": "lsi-table",
                            "local_secondary_index.971460389.non_key_attributes.#": "0",
                            "local_secondary_index.971460389.projection_type": "KEYS_ONLY",
                            "local_secondary_index.971460389.range_key": "ddb-range-key",
                            "name": "dynamodb-table",
                            "point_in_time_recovery.#": "1",
                            "point_in_time_recovery.0.enabled": "false",
                            "range_key": "ddb-range-key",
                            "read_capacity": "1",
                            "server_side_encryption.#": "0",
                            "stream_arn": "",
                            "stream_enabled": "false",
                            "stream_label": "",
                            "stream_view_type": "",
                            "tags.%": "0",
                            "ttl.#": "0",
                            "write_capacity": "1"
                        },
                        "meta": {
                            "e2bfb730-ecaa-11e6-8f88-34363bc7c4c0": {
                                "create": 600000000000,
                                "delete": 600000000000,
                                "update": 600000000000
                            },
                            "schema_version": "1"
                        },
                        "tainted": false
                    },
                    "deposed": [],
                    "provider": "provider.aws"
                }
            },
            "depends_on": []
        }
    ]
}
